<?xml version="1.0" encoding="utf-8"?>
<Project ToolsVersion="4.0" xmlns="http://schemas.microsoft.com/developer/msbuild/2003">
  <ItemGroup>
    <Filter Include="源文件">
      <UniqueIdentifier>{4FC737F1-C7A5-4376-A066-2A32D752A2FF}</UniqueIdentifier>
      <Extensions>cpp;c;cc;cxx;def;odl;idl;hpj;bat;asm;asmx</Extensions>
    </Filter>
    <Filter Include="头文件">
      <UniqueIdentifier>{93995380-89BD-4b04-88EB-625FBE52EBFB}</UniqueIdentifier>
      <Extensions>h;hh;hpp;hxx;hm;inl;inc;ipp;xsd</Extensions>
    </Filter>
    <Filter Include="资源文件">
      <UniqueIdentifier>{67DA6AB6-F800-4c08-8B7A-83BB121AAD01}</UniqueIdentifier>
      <Extensions>rc;ico;cur;bmp;dlg;rc2;rct;bin;rgs;gif;jpg;jpeg;jpe;resx;tiff;tif;png;wav;mfcribbon-ms</Extensions>
    </Filter>
    <Filter Include="源文件\base">
      <UniqueIdentifier>{ee7a6d53-f314-4624-86c0-cd6eda9576a9}</UniqueIdentifier>
    </Filter>
  </ItemGroup>
  <ItemGroup>
    <ClInclude Include="pch.h">
      <Filter>头文件</Filter>
    </ClInclude>
    <ClInclude Include="src\pch.h">
      <Filter>源文件</Filter>
    </ClInclude>
    <ClInclude Include="src\base\Coordinate.h">
      <Filter>源文件\base</Filter>
    </ClInclude>
    <ClInclude Include="src\base\DeviceInfo.h">
      <Filter>源文件\base</Filter>
    </ClInclude>
    <ClInclude Include="src\base\Event.h">
      <Filter>源文件\base</Filter>
    </ClInclude>
    <ClInclude Include="src\base\EventBody.h">
      <Filter>源文件\base</Filter>
    </ClInclude>
    <ClInclude Include="src\base\FFmpegProcess.h">
      <Filter>源文件\base</Filter>
    </ClInclude>
    <ClInclude Include="src\base\InOut.h">
      <Filter>源文件\base</Filter>
    </ClInclude>
    <ClInclude Include="src\base\Pipe.h">
      <Filter>源文件\base</Filter>
    </ClInclude>
    <ClInclude Include="src\base\Status.h">
      <Filter>源文件\base</Filter>
    </ClInclude>
    <ClInclude Include="src\base\Utils.h">
      <Filter>源文件\base</Filter>
    </ClInclude>
    <ClInclude Include="src\base\Buffer.h">
      <Filter>源文件\base</Filter>
    </ClInclude>
  </ItemGroup>
  <ItemGroup>
    <ClCompile Include="src\CodecInMem.cpp">
      <Filter>源文件</Filter>
    </ClCompile>
    <ClCompile Include="src\pch.cpp">
      <Filter>源文件</Filter>
    </ClCompile>
    <ClCompile Include="src\base\Coordinate.cpp">
      <Filter>源文件\base</Filter>
    </ClCompile>
    <ClCompile Include="src\base\FFmpegProcess.cpp">
      <Filter>源文件\base</Filter>
    </ClCompile>
    <ClCompile Include="src\base\InOut.cpp">
      <Filter>源文件\base</Filter>
    </ClCompile>
    <ClCompile Include="src\base\Pipe.cpp">
      <Filter>源文件\base</Filter>
    </ClCompile>
    <ClCompile Include="src\base\Status.cpp">
      <Filter>源文件\base</Filter>
    </ClCompile>
    <ClCompile Include="src\base\Utils.cpp">
      <Filter>源文件\base</Filter>
    </ClCompile>
    <ClCompile Include="src\base\Buffer.cpp">
      <Filter>源文件\base</Filter>
    </ClCompile>
  </ItemGroup>
</Project>